
Microsoft Visual Studio Solution File, Format Version 12.00
# Visual Studio 2013
VisualStudioVersion = 12.0.31101.0
MinimumVisualStudioVersion = 10.0.40219.1
Project("{FAE04EC0-301F-11D3-BF4B-00C04F79EFBC}") = "FoodOrderingSystem.Web", "FoodOrderingSystem.Web\FoodOrderingSystem.Web.csproj", "{4AEDE5D4-B26D-49EC-BB4D-10C500038E75}"
EndProject
Project("{FAE04EC0-301F-11D3-BF4B-00C04F79EFBC}") = "FoodOrderingSystem.DataStore", "FoodOrderingSystem.DataStore\FoodOrderingSystem.DataStore.csproj", "{4277C6C4-7C0F-4573-929D-D48C262E9059}"
EndProject
Project("{FAE04EC0-301F-11D3-BF4B-00C04F79EFBC}") = "FoodOrderingSystem.Entities", "FoodOrderingSystem.Entities\FoodOrderingSystem.Entities.csproj", "{5C5C44C3-2728-413B-B0F2-9DB76F48B70E}"
EndProject
Global
	GlobalSection(SolutionConfigurationPlatforms) = preSolution
		Debug|Any CPU = Debug|Any CPU
		Release|Any CPU = Release|Any CPU
	EndGlobalSection
	GlobalSection(ProjectConfigurationPlatforms) = postSolution
		{4AEDE5D4-B26D-49EC-BB4D-10C500038E75}.Debug|Any CPU.ActiveCfg = Debug|Any CPU
		{4AEDE5D4-B26D-49EC-BB4D-10C500038E75}.Debug|Any CPU.Build.0 = Debug|Any CPU
		{4AEDE5D4-B26D-49EC-BB4D-10C500038E75}.Release|Any CPU.ActiveCfg = Release|Any CPU
		{4AEDE5D4-B26D-49EC-BB4D-10C500038E75}.Release|Any CPU.Build.0 = Release|Any CPU
		{4277C6C4-7C0F-4573-929D-D48C262E9059}.Debug|Any CPU.ActiveCfg = Debug|Any CPU
		{4277C6C4-7C0F-4573-929D-D48C262E9059}.Debug|Any CPU.Build.0 = Debug|Any CPU
		{4277C6C4-7C0F-4573-929D-D48C262E9059}.Release|Any CPU.ActiveCfg = Release|Any CPU
		{4277C6C4-7C0F-4573-929D-D48C262E9059}.Release|Any CPU.Build.0 = Release|Any CPU
		{5C5C44C3-2728-413B-B0F2-9DB76F48B70E}.Debug|Any CPU.ActiveCfg = Debug|Any CPU
		{5C5C44C3-2728-413B-B0F2-9DB76F48B70E}.Debug|Any CPU.Build.0 = Debug|Any CPU
		{5C5C44C3-2728-413B-B0F2-9DB76F48B70E}.Release|Any CPU.ActiveCfg = Release|Any CPU
		{5C5C44C3-2728-413B-B0F2-9DB76F48B70E}.Release|Any CPU.Build.0 = Release|Any CPU
	EndGlobalSection
	GlobalSection(SolutionProperties) = preSolution
		HideSolutionNode = FALSE
	EndGlobalSection
EndGlobal
